
Microsoft Visual Studio Solution File, Format Version 12.00
# Visual Studio Version 17
VisualStudioVersion = 17.2.32616.157
MinimumVisualStudioVersion = 10.0.40219.1
Project("{FAE04EC0-301F-11D3-BF4B-00C04F79EFBC}") = "AspWebProjet", "AspWebProjet\AspWebProjet.csproj", "{6B359099-9F84-4692-917C-36245FF7B7F8}"
EndProject
Global
	GlobalSection(SolutionConfigurationPlatforms) = preSolution
		Debug|Any CPU = Debug|Any CPU
		Release|Any CPU = Release|Any CPU
	EndGlobalSection
	GlobalSection(ProjectConfigurationPlatforms) = postSolution
		{6B359099-9F84-4692-917C-36245FF7B7F8}.Debug|Any CPU.ActiveCfg = Debug|Any CPU
		{6B359099-9F84-4692-917C-36245FF7B7F8}.Debug|Any CPU.Build.0 = Debug|Any CPU
		{6B359099-9F84-4692-917C-36245FF7B7F8}.Release|Any CPU.ActiveCfg = Release|Any CPU
		{6B359099-9F84-4692-917C-36245FF7B7F8}.Release|Any CPU.Build.0 = Release|Any CPU
	EndGlobalSection
	GlobalSection(SolutionProperties) = preSolution
		HideSolutionNode = FALSE
	EndGlobalSection
	GlobalSection(ExtensibilityGlobals) = postSolution
		SolutionGuid = {C28D57A2-4A88-4E51-BBD4-1A146459B1B7}
	EndGlobalSection
EndGlobal
